
Microsoft Visual Studio Solution File, Format Version 12.00
# Visual Studio 14
VisualStudioVersion = 14.0.24720.0
MinimumVisualStudioVersion = 10.0.40219.1
Project("{FAE04EC0-301F-11D3-BF4B-00C04F79EFBC}") = "myClipBoard", "myClipBoard\myClipBoard.csproj", "{551C1A01-019C-45A3-B4F2-1BAFC2E8A173}"
EndProject
Project("{6141683F-8A12-4E36-9623-2EB02B2C2303}") = "Setup1", "Setup1\Setup1.isproj", "{FC6D4C75-9DC8-44E5-8B66-39C64BFEFDEA}"
	ProjectSection(ProjectDependencies) = postProject
		{551C1A01-019C-45A3-B4F2-1BAFC2E8A173} = {551C1A01-019C-45A3-B4F2-1BAFC2E8A173}
	EndProjectSection
EndProject
Global
	GlobalSection(SolutionConfigurationPlatforms) = preSolution
		CD_ROM|Any CPU = CD_ROM|Any CPU
		Debug|Any CPU = Debug|Any CPU
		DVD-5|Any CPU = DVD-5|Any CPU
		Release|Any CPU = Release|Any CPU
		SingleImage|Any CPU = SingleImage|Any CPU
	EndGlobalSection
	GlobalSection(ProjectConfigurationPlatforms) = postSolution
		{551C1A01-019C-45A3-B4F2-1BAFC2E8A173}.CD_ROM|Any CPU.ActiveCfg = Release|Any CPU
		{551C1A01-019C-45A3-B4F2-1BAFC2E8A173}.CD_ROM|Any CPU.Build.0 = Release|Any CPU
		{551C1A01-019C-45A3-B4F2-1BAFC2E8A173}.Debug|Any CPU.ActiveCfg = Release|Any CPU
		{551C1A01-019C-45A3-B4F2-1BAFC2E8A173}.Debug|Any CPU.Build.0 = Release|Any CPU
		{551C1A01-019C-45A3-B4F2-1BAFC2E8A173}.DVD-5|Any CPU.ActiveCfg = Debug|Any CPU
		{551C1A01-019C-45A3-B4F2-1BAFC2E8A173}.DVD-5|Any CPU.Build.0 = Debug|Any CPU
		{551C1A01-019C-45A3-B4F2-1BAFC2E8A173}.Release|Any CPU.ActiveCfg = Release|Any CPU
		{551C1A01-019C-45A3-B4F2-1BAFC2E8A173}.Release|Any CPU.Build.0 = Release|Any CPU
		{551C1A01-019C-45A3-B4F2-1BAFC2E8A173}.SingleImage|Any CPU.ActiveCfg = Release|Any CPU
		{551C1A01-019C-45A3-B4F2-1BAFC2E8A173}.SingleImage|Any CPU.Build.0 = Release|Any CPU
		{FC6D4C75-9DC8-44E5-8B66-39C64BFEFDEA}.CD_ROM|Any CPU.ActiveCfg = CD_ROM
		{FC6D4C75-9DC8-44E5-8B66-39C64BFEFDEA}.CD_ROM|Any CPU.Build.0 = CD_ROM
		{FC6D4C75-9DC8-44E5-8B66-39C64BFEFDEA}.Debug|Any CPU.ActiveCfg = SingleImage
		{FC6D4C75-9DC8-44E5-8B66-39C64BFEFDEA}.Debug|Any CPU.Build.0 = SingleImage
		{FC6D4C75-9DC8-44E5-8B66-39C64BFEFDEA}.DVD-5|Any CPU.ActiveCfg = DVD-5
		{FC6D4C75-9DC8-44E5-8B66-39C64BFEFDEA}.DVD-5|Any CPU.Build.0 = DVD-5
		{FC6D4C75-9DC8-44E5-8B66-39C64BFEFDEA}.Release|Any CPU.ActiveCfg = SingleImage
		{FC6D4C75-9DC8-44E5-8B66-39C64BFEFDEA}.Release|Any CPU.Build.0 = SingleImage
		{FC6D4C75-9DC8-44E5-8B66-39C64BFEFDEA}.SingleImage|Any CPU.ActiveCfg = SingleImage
		{FC6D4C75-9DC8-44E5-8B66-39C64BFEFDEA}.SingleImage|Any CPU.Build.0 = SingleImage
	EndGlobalSection
	GlobalSection(SolutionProperties) = preSolution
		HideSolutionNode = FALSE
	EndGlobalSection
EndGlobal
